// !$*UTF8*$!
{
	archiveVersion = 1;
	classes = {
	};
	objectVersion = 51;
	objects = {

/* Begin PBXBuildFile section */
		874F482624DF919900261172 /* MZBaseViewModel.m in Sources */ = {isa = PBXBuildFile; fileRef = 874F482524DF919900261172 /* MZBaseViewModel.m */; };
		874F482924DF934100261172 /* MZHomeModel.m in Sources */ = {isa = PBXBuildFile; fileRef = 874F482824DF934100261172 /* MZHomeModel.m */; };
		874F482C24DF948000261172 /* ContentsModel.m in Sources */ = {isa = PBXBuildFile; fileRef = 874F482B24DF948000261172 /* ContentsModel.m */; };
		874F482F24DF94C100261172 /* MZBaseModel.m in Sources */ = {isa = PBXBuildFile; fileRef = 874F482D24DF94C000261172 /* MZBaseModel.m */; };
		874F483224DF957C00261172 /* ContentCategoryModel.m in Sources */ = {isa = PBXBuildFile; fileRef = 874F483024DF957C00261172 /* ContentCategoryModel.m */; };
		874F483524DF959400261172 /* SpecialModel.m in Sources */ = {isa = PBXBuildFile; fileRef = 874F483324DF959400261172 /* SpecialModel.m */; };
		874F483824DF95A800261172 /* DestinationModel.m in Sources */ = {isa = PBXBuildFile; fileRef = 874F483624DF95A800261172 /* DestinationModel.m */; };
		874F483B24DF95B300261172 /* EditorModel.m in Sources */ = {isa = PBXBuildFile; fileRef = 874F483A24DF95B200261172 /* EditorModel.m */; };
		874F483F24DF9E4300261172 /* MZHomeTableViewCell.m in Sources */ = {isa = PBXBuildFile; fileRef = 874F483E24DF9E4300261172 /* MZHomeTableViewCell.m */; };
		874F484224DFA5EF00261172 /* MZHomeMoreCell.m in Sources */ = {isa = PBXBuildFile; fileRef = 874F484124DFA5EF00261172 /* MZHomeMoreCell.m */; };
		87F4312324D699BA00A81025 /* AppDelegate.m in Sources */ = {isa = PBXBuildFile; fileRef = 87F4312224D699BA00A81025 /* AppDelegate.m */; };
		87F4312624D699BA00A81025 /* SceneDelegate.m in Sources */ = {isa = PBXBuildFile; fileRef = 87F4312524D699BA00A81025 /* SceneDelegate.m */; };
		87F4312924D699BA00A81025 /* ViewController.m in Sources */ = {isa = PBXBuildFile; fileRef = 87F4312824D699BA00A81025 /* ViewController.m */; };
		87F4312C24D699BA00A81025 /* Main.storyboard in Resources */ = {isa = PBXBuildFile; fileRef = 87F4312A24D699BA00A81025 /* Main.storyboard */; };
		87F4312E24D699BD00A81025 /* Assets.xcassets in Resources */ = {isa = PBXBuildFile; fileRef = 87F4312D24D699BD00A81025 /* Assets.xcassets */; };
		87F4313124D699BD00A81025 /* LaunchScreen.storyboard in Resources */ = {isa = PBXBuildFile; fileRef = 87F4312F24D699BD00A81025 /* LaunchScreen.storyboard */; };
		87F4313424D699BD00A81025 /* main.m in Sources */ = {isa = PBXBuildFile; fileRef = 87F4313324D699BD00A81025 /* main.m */; };
		87F4313E24D699BD00A81025 /* MZMusicPlayerTests.m in Sources */ = {isa = PBXBuildFile; fileRef = 87F4313D24D699BD00A81025 /* MZMusicPlayerTests.m */; };
		87F4314924D699BD00A81025 /* MZMusicPlayerUITests.m in Sources */ = {isa = PBXBuildFile; fileRef = 87F4314824D699BD00A81025 /* MZMusicPlayerUITests.m */; };
		87F4322224D6C4B600A81025 /* MZTabBarController.m in Sources */ = {isa = PBXBuildFile; fileRef = 87F4322124D6C4B600A81025 /* MZTabBarController.m */; };
		87F4322624D6C50500A81025 /* MZHomeViewController.m in Sources */ = {isa = PBXBuildFile; fileRef = 87F4322524D6C50500A81025 /* MZHomeViewController.m */; };
		87F4322A24D6C95C00A81025 /* MZMineViewController.swift in Sources */ = {isa = PBXBuildFile; fileRef = 87F4322924D6C95C00A81025 /* MZMineViewController.swift */; };
		87F4322D24D6CB9F00A81025 /* MZNetManager.m in Sources */ = {isa = PBXBuildFile; fileRef = 87F4322C24D6CB9F00A81025 /* MZNetManager.m */; };
		87F4323024D6CF4E00A81025 /* MZHomeNetManager.m in Sources */ = {isa = PBXBuildFile; fileRef = 87F4322F24D6CF4E00A81025 /* MZHomeNetManager.m */; };
		D0B77356F49521869D5CFE8C /* libPods-MZMusicPlayer.a in Frameworks */ = {isa = PBXBuildFile; fileRef = 49C6AA82724D406EDA349CEF /* libPods-MZMusicPlayer.a */; };
/* End PBXBuildFile section */

/* Begin PBXContainerItemProxy section */
		87F4313A24D699BD00A81025 /* PBXContainerItemProxy */ = {
			isa = PBXContainerItemProxy;
			containerPortal = 87F4311624D699BA00A81025 /* Project object */;
			proxyType = 1;
			remoteGlobalIDString = 87F4311D24D699BA00A81025;
			remoteInfo = MZMusicPlayer;
		};
		87F4314524D699BD00A81025 /* PBXContainerItemProxy */ = {
			isa = PBXContainerItemProxy;
			containerPortal = 87F4311624D699BA00A81025 /* Project object */;
			proxyType = 1;
			remoteGlobalIDString = 87F4311D24D699BA00A81025;
			remoteInfo = MZMusicPlayer;
		};
/* End PBXContainerItemProxy section */

/* Begin PBXFileReference section */
		076EA012EC86B12DBB1D46D3 /* Pods-MZMusicPlayer.debug.xcconfig */ = {isa = PBXFileReference; includeInIndex = 1; lastKnownFileType = text.xcconfig; name = "Pods-MZMusicPlayer.debug.xcconfig"; path = "Target Support Files/Pods-MZMusicPlayer/Pods-MZMusicPlayer.debug.xcconfig"; sourceTree = "<group>"; };
		49C6AA82724D406EDA349CEF /* libPods-MZMusicPlayer.a */ = {isa = PBXFileReference; explicitFileType = archive.ar; includeInIndex = 0; path = "libPods-MZMusicPlayer.a"; sourceTree = BUILT_PRODUCTS_DIR; };
		874F482424DF919900261172 /* MZBaseViewModel.h */ = {isa = PBXFileReference; lastKnownFileType = sourcecode.c.h; path = MZBaseViewModel.h; sourceTree = "<group>"; };
		874F482524DF919900261172 /* MZBaseViewModel.m */ = {isa = PBXFileReference; lastKnownFileType = sourcecode.c.objc; path = MZBaseViewModel.m; sourceTree = "<group>"; };
		874F482724DF934100261172 /* MZHomeModel.h */ = {isa = PBXFileReference; lastKnownFileType = sourcecode.c.h; path = MZHomeModel.h; sourceTree = "<group>"; };
		874F482824DF934100261172 /* MZHomeModel.m */ = {isa = PBXFileReference; lastKnownFileType = sourcecode.c.objc; path = MZHomeModel.m; sourceTree = "<group>"; };
		874F482A24DF948000261172 /* ContentsModel.h */ = {isa = PBXFileReference; fileEncoding = 4; lastKnownFileType = sourcecode.c.h; path = ContentsModel.h; sourceTree = "<group>"; };
		874F482B24DF948000261172 /* ContentsModel.m */ = {isa = PBXFileReference; fileEncoding = 4; lastKnownFileType = sourcecode.c.objc; path = ContentsModel.m; sourceTree = "<group>"; };
		874F482D24DF94C000261172 /* MZBaseModel.m */ = {isa = PBXFileReference; fileEncoding = 4; lastKnownFileType = sourcecode.c.objc; path = MZBaseModel.m; sourceTree = "<group>"; };
		874F482E24DF94C000261172 /* MZBaseModel.h */ = {isa = PBXFileReference; fileEncoding = 4; lastKnownFileType = sourcecode.c.h; path = MZBaseModel.h; sourceTree = "<group>"; };
		874F483024DF957C00261172 /* ContentCategoryModel.m */ = {isa = PBXFileReference; fileEncoding = 4; lastKnownFileType = sourcecode.c.objc; path = ContentCategoryModel.m; sourceTree = "<group>"; };
		874F483124DF957C00261172 /* ContentCategoryModel.h */ = {isa = PBXFileReference; fileEncoding = 4; lastKnownFileType = sourcecode.c.h; path = ContentCategoryModel.h; sourceTree = "<group>"; };
		874F483324DF959400261172 /* SpecialModel.m */ = {isa = PBXFileReference; fileEncoding = 4; lastKnownFileType = sourcecode.c.objc; path = SpecialModel.m; sourceTree = "<group>"; };
		874F483424DF959400261172 /* SpecialModel.h */ = {isa = PBXFileReference; fileEncoding = 4; lastKnownFileType = sourcecode.c.h; path = SpecialModel.h; sourceTree = "<group>"; };
		874F483624DF95A800261172 /* DestinationModel.m */ = {isa = PBXFileReference; fileEncoding = 4; lastKnownFileType = sourcecode.c.objc; path = DestinationModel.m; sourceTree = "<group>"; };
		874F483724DF95A800261172 /* DestinationModel.h */ = {isa = PBXFileReference; fileEncoding = 4; lastKnownFileType = sourcecode.c.h; path = DestinationModel.h; sourceTree = "<group>"; };
		874F483924DF95B200261172 /* EditorModel.h */ = {isa = PBXFileReference; fileEncoding = 4; lastKnownFileType = sourcecode.c.h; path = EditorModel.h; sourceTree = "<group>"; };
		874F483A24DF95B200261172 /* EditorModel.m */ = {isa = PBXFileReference; fileEncoding = 4; lastKnownFileType = sourcecode.c.objc; path = EditorModel.m; sourceTree = "<group>"; };
		874F483D24DF9E4300261172 /* MZHomeTableViewCell.h */ = {isa = PBXFileReference; lastKnownFileType = sourcecode.c.h; path = MZHomeTableViewCell.h; sourceTree = "<group>"; };
		874F483E24DF9E4300261172 /* MZHomeTableViewCell.m */ = {isa = PBXFileReference; lastKnownFileType = sourcecode.c.objc; path = MZHomeTableViewCell.m; sourceTree = "<group>"; };
		874F484024DFA5EF00261172 /* MZHomeMoreCell.h */ = {isa = PBXFileReference; lastKnownFileType = sourcecode.c.h; path = MZHomeMoreCell.h; sourceTree = "<group>"; };
		874F484124DFA5EF00261172 /* MZHomeMoreCell.m */ = {isa = PBXFileReference; lastKnownFileType = sourcecode.c.objc; path = MZHomeMoreCell.m; sourceTree = "<group>"; };
		87F4311E24D699BA00A81025 /* MZMusicPlayer.app */ = {isa = PBXFileReference; explicitFileType = wrapper.application; includeInIndex = 0; path = MZMusicPlayer.app; sourceTree = BUILT_PRODUCTS_DIR; };
		87F4312124D699BA00A81025 /* AppDelegate.h */ = {isa = PBXFileReference; lastKnownFileType = sourcecode.c.h; path = AppDelegate.h; sourceTree = "<group>"; };
		87F4312224D699BA00A81025 /* AppDelegate.m */ = {isa = PBXFileReference; lastKnownFileType = sourcecode.c.objc; path = AppDelegate.m; sourceTree = "<group>"; };
		87F4312424D699BA00A81025 /* SceneDelegate.h */ = {isa = PBXFileReference; lastKnownFileType = sourcecode.c.h; path = SceneDelegate.h; sourceTree = "<group>"; };
		87F4312524D699BA00A81025 /* SceneDelegate.m */ = {isa = PBXFileReference; lastKnownFileType = sourcecode.c.objc; path = SceneDelegate.m; sourceTree = "<group>"; };
		87F4312724D699BA00A81025 /* ViewController.h */ = {isa = PBXFileReference; lastKnownFileType = sourcecode.c.h; path = ViewController.h; sourceTree = "<group>"; };
		87F4312824D699BA00A81025 /* ViewController.m */ = {isa = PBXFileReference; lastKnownFileType = sourcecode.c.objc; path = ViewController.m; sourceTree = "<group>"; };
		87F4312B24D699BA00A81025 /* Base */ = {isa = PBXFileReference; lastKnownFileType = file.storyboard; name = Base; path = Base.lproj/Main.storyboard; sourceTree = "<group>"; };
		87F4312D24D699BD00A81025 /* Assets.xcassets */ = {isa = PBXFileReference; lastKnownFileType = folder.assetcatalog; path = Assets.xcassets; sourceTree = "<group>"; };
		87F4313024D699BD00A81025 /* Base */ = {isa = PBXFileReference; lastKnownFileType = file.storyboard; name = Base; path = Base.lproj/LaunchScreen.storyboard; sourceTree = "<group>"; };
		87F4313224D699BD00A81025 /* Info.plist */ = {isa = PBXFileReference; lastKnownFileType = text.plist.xml; path = Info.plist; sourceTree = "<group>"; };
		87F4313324D699BD00A81025 /* main.m */ = {isa = PBXFileReference; lastKnownFileType = sourcecode.c.objc; path = main.m; sourceTree = "<group>"; };
		87F4313924D699BD00A81025 /* MZMusicPlayerTests.xctest */ = {isa = PBXFileReference; explicitFileType = wrapper.cfbundle; includeInIndex = 0; path = MZMusicPlayerTests.xctest; sourceTree = BUILT_PRODUCTS_DIR; };
		87F4313D24D699BD00A81025 /* MZMusicPlayerTests.m */ = {isa = PBXFileReference; lastKnownFileType = sourcecode.c.objc; path = MZMusicPlayerTests.m; sourceTree = "<group>"; };
		87F4313F24D699BD00A81025 /* Info.plist */ = {isa = PBXFileReference; lastKnownFileType = text.plist.xml; path = Info.plist; sourceTree = "<group>"; };
		87F4314424D699BD00A81025 /* MZMusicPlayerUITests.xctest */ = {isa = PBXFileReference; explicitFileType = wrapper.cfbundle; includeInIndex = 0; path = MZMusicPlayerUITests.xctest; sourceTree = BUILT_PRODUCTS_DIR; };
		87F4314824D699BD00A81025 /* MZMusicPlayerUITests.m */ = {isa = PBXFileReference; lastKnownFileType = sourcecode.c.objc; path = MZMusicPlayerUITests.m; sourceTree = "<group>"; };
		87F4314A24D699BD00A81025 /* Info.plist */ = {isa = PBXFileReference; lastKnownFileType = text.plist.xml; path = Info.plist; sourceTree = "<group>"; };
		87F4322024D6C4B600A81025 /* MZTabBarController.h */ = {isa = PBXFileReference; lastKnownFileType = sourcecode.c.h; path = MZTabBarController.h; sourceTree = "<group>"; };
		87F4322124D6C4B600A81025 /* MZTabBarController.m */ = {isa = PBXFileReference; lastKnownFileType = sourcecode.c.objc; path = MZTabBarController.m; sourceTree = "<group>"; };
		87F4322424D6C50500A81025 /* MZHomeViewController.h */ = {isa = PBXFileReference; lastKnownFileType = sourcecode.c.h; path = MZHomeViewController.h; sourceTree = "<group>"; };
		87F4322524D6C50500A81025 /* MZHomeViewController.m */ = {isa = PBXFileReference; lastKnownFileType = sourcecode.c.objc; path = MZHomeViewController.m; sourceTree = "<group>"; };
		87F4322824D6C95B00A81025 /* MZMusicPlayer-Bridging-Header.h */ = {isa = PBXFileReference; lastKnownFileType = sourcecode.c.h; path = "MZMusicPlayer-Bridging-Header.h"; sourceTree = "<group>"; };
		87F4322924D6C95C00A81025 /* MZMineViewController.swift */ = {isa = PBXFileReference; lastKnownFileType = sourcecode.swift; path = MZMineViewController.swift; sourceTree = "<group>"; };
		87F4322B24D6CB9F00A81025 /* MZNetManager.h */ = {isa = PBXFileReference; lastKnownFileType = sourcecode.c.h; path = MZNetManager.h; sourceTree = "<group>"; };
		87F4322C24D6CB9F00A81025 /* MZNetManager.m */ = {isa = PBXFileReference; lastKnownFileType = sourcecode.c.objc; path = MZNetManager.m; sourceTree = "<group>"; };
		87F4322E24D6CF4E00A81025 /* MZHomeNetManager.h */ = {isa = PBXFileReference; lastKnownFileType = sourcecode.c.h; path = MZHomeNetManager.h; sourceTree = "<group>"; };
		87F4322F24D6CF4E00A81025 /* MZHomeNetManager.m */ = {isa = PBXFileReference; lastKnownFileType = sourcecode.c.objc; path = MZHomeNetManager.m; sourceTree = "<group>"; };
		EF240C599AEC237F4A0A2E3D /* Pods-MZMusicPlayer.release.xcconfig */ = {isa = PBXFileReference; includeInIndex = 1; lastKnownFileType = text.xcconfig; name = "Pods-MZMusicPlayer.release.xcconfig"; path = "Target Support Files/Pods-MZMusicPlayer/Pods-MZMusicPlayer.release.xcconfig"; sourceTree = "<group>"; };
/* End PBXFileReference section */

/* Begin PBXFrameworksBuildPhase section */
		87F4311B24D699BA00A81025 /* Frameworks */ = {
			isa = PBXFrameworksBuildPhase;
			buildActionMask = 2147483647;
			files = (
				D0B77356F49521869D5CFE8C /* libPods-MZMusicPlayer.a in Frameworks */,
			);
			runOnlyForDeploymentPostprocessing = 0;
		};
		87F4313624D699BD00A81025 /* Frameworks */ = {
			isa = PBXFrameworksBuildPhase;
			buildActionMask = 2147483647;
			files = (
			);
			runOnlyForDeploymentPostprocessing = 0;
		};
		87F4314124D699BD00A81025 /* Frameworks */ = {
			isa = PBXFrameworksBuildPhase;
			buildActionMask = 2147483647;
			files = (
			);
			runOnlyForDeploymentPostprocessing = 0;
		};
/* End PBXFrameworksBuildPhase section */

/* Begin PBXGroup section */
		49DFFC27C432A321FE93EBE1 /* Pods */ = {
			isa = PBXGroup;
			children = (
				076EA012EC86B12DBB1D46D3 /* Pods-MZMusicPlayer.debug.xcconfig */,
				EF240C599AEC237F4A0A2E3D /* Pods-MZMusicPlayer.release.xcconfig */,
			);
			path = Pods;
			sourceTree = "<group>";
		};
		874F483C24DF95CC00261172 /* MZModels */ = {
			isa = PBXGroup;
			children = (
				874F483924DF95B200261172 /* EditorModel.h */,
				874F483A24DF95B200261172 /* EditorModel.m */,
				874F483724DF95A800261172 /* DestinationModel.h */,
				874F483624DF95A800261172 /* DestinationModel.m */,
				874F483124DF957C00261172 /* ContentCategoryModel.h */,
				874F483024DF957C00261172 /* ContentCategoryModel.m */,
				874F483424DF959400261172 /* SpecialModel.h */,
				874F483324DF959400261172 /* SpecialModel.m */,
				874F482E24DF94C000261172 /* MZBaseModel.h */,
				874F482D24DF94C000261172 /* MZBaseModel.m */,
				874F482A24DF948000261172 /* ContentsModel.h */,
				874F482B24DF948000261172 /* ContentsModel.m */,
			);
			path = MZModels;
			sourceTree = "<group>";
		};
		87F4311524D699BA00A81025 = {
			isa = PBXGroup;
			children = (
				87F4312024D699BA00A81025 /* MZMusicPlayer */,
				87F4313C24D699BD00A81025 /* MZMusicPlayerTests */,
				87F4314724D699BD00A81025 /* MZMusicPlayerUITests */,
				87F4311F24D699BA00A81025 /* Products */,
				49DFFC27C432A321FE93EBE1 /* Pods */,
				D78AFD26A42C20174E7FA190 /* Frameworks */,
			);
			sourceTree = "<group>";
		};
		87F4311F24D699BA00A81025 /* Products */ = {
			isa = PBXGroup;
			children = (
				87F4311E24D699BA00A81025 /* MZMusicPlayer.app */,
				87F4313924D699BD00A81025 /* MZMusicPlayerTests.xctest */,
				87F4314424D699BD00A81025 /* MZMusicPlayerUITests.xctest */,
			);
			name = Products;
			sourceTree = "<group>";
		};
		87F4312024D699BA00A81025 /* MZMusicPlayer */ = {
			isa = PBXGroup;
			children = (
				87F4312124D699BA00A81025 /* AppDelegate.h */,
				87F4312224D699BA00A81025 /* AppDelegate.m */,
				87F4322B24D6CB9F00A81025 /* MZNetManager.h */,
				87F4322C24D6CB9F00A81025 /* MZNetManager.m */,
				87F4322E24D6CF4E00A81025 /* MZHomeNetManager.h */,
				87F4322F24D6CF4E00A81025 /* MZHomeNetManager.m */,
				87F4322924D6C95C00A81025 /* MZMineViewController.swift */,
				874F483C24DF95CC00261172 /* MZModels */,
				87F4322724D6C51000A81025 /* MZHome */,
				87F4322324D6C4C500A81025 /* MZTabBar */,
				87F4312424D699BA00A81025 /* SceneDelegate.h */,
				87F4312524D699BA00A81025 /* SceneDelegate.m */,
				87F4312724D699BA00A81025 /* ViewController.h */,
				87F4312824D699BA00A81025 /* ViewController.m */,
				87F4312A24D699BA00A81025 /* Main.storyboard */,
				87F4312D24D699BD00A81025 /* Assets.xcassets */,
				87F4312F24D699BD00A81025 /* LaunchScreen.storyboard */,
				87F4313224D699BD00A81025 /* Info.plist */,
				87F4313324D699BD00A81025 /* main.m */,
				87F4322824D6C95B00A81025 /* MZMusicPlayer-Bridging-Header.h */,
			);
			path = MZMusicPlayer;
			sourceTree = "<group>";
		};
		87F4313C24D699BD00A81025 /* MZMusicPlayerTests */ = {
			isa = PBXGroup;
			children = (
				87F4313D24D699BD00A81025 /* MZMusicPlayerTests.m */,
				87F4313F24D699BD00A81025 /* Info.plist */,
			);
			path = MZMusicPlayerTests;
			sourceTree = "<group>";
		};
		87F4314724D699BD00A81025 /* MZMusicPlayerUITests */ = {
			isa = PBXGroup;
			children = (
				87F4314824D699BD00A81025 /* MZMusicPlayerUITests.m */,
				87F4314A24D699BD00A81025 /* Info.plist */,
			);
			path = MZMusicPlayerUITests;
			sourceTree = "<group>";
		};
		87F4322324D6C4C500A81025 /* MZTabBar */ = {
			isa = PBXGroup;
			children = (
				87F4322024D6C4B600A81025 /* MZTabBarController.h */,
				87F4322124D6C4B600A81025 /* MZTabBarController.m */,
			);
			path = MZTabBar;
			sourceTree = "<group>";
		};
		87F4322724D6C51000A81025 /* MZHome */ = {
			isa = PBXGroup;
			children = (
				87F4322424D6C50500A81025 /* MZHomeViewController.h */,
				87F4322524D6C50500A81025 /* MZHomeViewController.m */,
				874F482424DF919900261172 /* MZBaseViewModel.h */,
				874F482524DF919900261172 /* MZBaseViewModel.m */,
				874F482724DF934100261172 /* MZHomeModel.h */,
				874F482824DF934100261172 /* MZHomeModel.m */,
				874F483D24DF9E4300261172 /* MZHomeTableViewCell.h */,
				874F483E24DF9E4300261172 /* MZHomeTableViewCell.m */,
				874F484024DFA5EF00261172 /* MZHomeMoreCell.h */,
				874F484124DFA5EF00261172 /* MZHomeMoreCell.m */,
			);
			path = MZHome;
			sourceTree = "<group>";
		};
		D78AFD26A42C20174E7FA190 /* Frameworks */ = {
			isa = PBXGroup;
			children = (
				49C6AA82724D406EDA349CEF /* libPods-MZMusicPlayer.a */,
			);
			name = Frameworks;
			sourceTree = "<group>";
		};
/* End PBXGroup section */

/* Begin PBXNativeTarget section */
		87F4311D24D699BA00A81025 /* MZMusicPlayer */ = {
			isa = PBXNativeTarget;
			buildConfigurationList = 87F4314D24D699BD00A81025 /* Build configuration list for PBXNativeTarget "MZMusicPlayer" */;
			buildPhases = (
				206154283FA0303A4DCF1BFF /* [CP] Check Pods Manifest.lock */,
				87F4311A24D699BA00A81025 /* Sources */,
				87F4311B24D699BA00A81025 /* Frameworks */,
				87F4311C24D699BA00A81025 /* Resources */,
				45AF31DA80B67AD023CADDEE /* [CP] Copy Pods Resources */,
			);
			buildRules = (
			);
			dependencies = (
			);
			name = MZMusicPlayer;
			productName = MZMusicPlayer;
			productReference = 87F4311E24D699BA00A81025 /* MZMusicPlayer.app */;
			productType = "com.apple.product-type.application";
		};
		87F4313824D699BD00A81025 /* MZMusicPlayerTests */ = {
			isa = PBXNativeTarget;
			buildConfigurationList = 87F4315024D699BD00A81025 /* Build configuration list for PBXNativeTarget "MZMusicPlayerTests" */;
			buildPhases = (
				87F4313524D699BD00A81025 /* Sources */,
				87F4313624D699BD00A81025 /* Frameworks */,
				87F4313724D699BD00A81025 /* Resources */,
			);
			buildRules = (
			);
			dependencies = (
				87F4313B24D699BD00A81025 /* PBXTargetDependency */,
			);
			name = MZMusicPlayerTests;
			productName = MZMusicPlayerTests;
			productReference = 87F4313924D699BD00A81025 /* MZMusicPlayerTests.xctest */;
			productType = "com.apple.product-type.bundle.unit-test";
		};
		87F4314324D699BD00A81025 /* MZMusicPlayerUITests */ = {
			isa = PBXNativeTarget;
			buildConfigurationList = 87F4315324D699BD00A81025 /* Build configuration list for PBXNativeTarget "MZMusicPlayerUITests" */;
			buildPhases = (
				87F4314024D699BD00A81025 /* Sources */,
				87F4314124D699BD00A81025 /* Frameworks */,
				87F4314224D699BD00A81025 /* Resources */,
			);
			buildRules = (
			);
			dependencies = (
				87F4314624D699BD00A81025 /* PBXTargetDependency */,
			);
			name = MZMusicPlayerUITests;
			productName = MZMusicPlayerUITests;
			productReference = 87F4314424D699BD00A81025 /* MZMusicPlayerUITests.xctest */;
			productType = "com.apple.product-type.bundle.ui-testing";
		};
/* End PBXNativeTarget section */

/* Begin PBXProject section */
		87F4311624D699BA00A81025 /* Project object */ = {
			isa = PBXProject;
			attributes = {
				LastUpgradeCheck = 1120;
				ORGANIZATIONNAME = "孟令宗";
				TargetAttributes = {
					87F4311D24D699BA00A81025 = {
						CreatedOnToolsVersion = 11.2.1;
						LastSwiftMigration = 1120;
					};
					87F4313824D699BD00A81025 = {
						CreatedOnToolsVersion = 11.2.1;
						TestTargetID = 87F4311D24D699BA00A81025;
					};
					87F4314324D699BD00A81025 = {
						CreatedOnToolsVersion = 11.2.1;
						TestTargetID = 87F4311D24D699BA00A81025;
					};
				};
			};
			buildConfigurationList = 87F4311924D699BA00A81025 /* Build configuration list for PBXProject "MZMusicPlayer" */;
			compatibilityVersion = "Xcode 9.3";
			developmentRegion = en;
			hasScannedForEncodings = 0;
			knownRegions = (
				en,
				Base,
			);
			mainGroup = 87F4311524D699BA00A81025;
			productRefGroup = 87F4311F24D699BA00A81025 /* Products */;
			projectDirPath = "";
			projectRoot = "";
			targets = (
				87F4311D24D699BA00A81025 /* MZMusicPlayer */,
				87F4313824D699BD00A81025 /* MZMusicPlayerTests */,
				87F4314324D699BD00A81025 /* MZMusicPlayerUITests */,
			);
		};
/* End PBXProject section */

/* Begin PBXResourcesBuildPhase section */
		87F4311C24D699BA00A81025 /* Resources */ = {
			isa = PBXResourcesBuildPhase;
			buildActionMask = 2147483647;
			files = (
				87F4313124D699BD00A81025 /* LaunchScreen.storyboard in Resources */,
				87F4312E24D699BD00A81025 /* Assets.xcassets in Resources */,
				87F4312C24D699BA00A81025 /* Main.storyboard in Resources */,
			);
			runOnlyForDeploymentPostprocessing = 0;
		};
		87F4313724D699BD00A81025 /* Resources */ = {
			isa = PBXResourcesBuildPhase;
			buildActionMask = 2147483647;
			files = (
			);
			runOnlyForDeploymentPostprocessing = 0;
		};
		87F4314224D699BD00A81025 /* Resources */ = {
			isa = PBXResourcesBuildPhase;
			buildActionMask = 2147483647;
			files = (
			);
			runOnlyForDeploymentPostprocessing = 0;
		};
/* End PBXResourcesBuildPhase section */

/* Begin PBXShellScriptBuildPhase section */
		206154283FA0303A4DCF1BFF /* [CP] Check Pods Manifest.lock */ = {
			isa = PBXShellScriptBuildPhase;
			buildActionMask = 2147483647;
			files = (
			);
			inputFileListPaths = (
			);
			inputPaths = (
				"${PODS_PODFILE_DIR_PATH}/Podfile.lock",
				"${PODS_ROOT}/Manifest.lock",
			);
			name = "[CP] Check Pods Manifest.lock";
			outputFileListPaths = (
			);
			outputPaths = (
				"$(DERIVED_FILE_DIR)/Pods-MZMusicPlayer-checkManifestLockResult.txt",
			);
			runOnlyForDeploymentPostprocessing = 0;
			shellPath = /bin/sh;
			shellScript = "diff \"${PODS_PODFILE_DIR_PATH}/Podfile.lock\" \"${PODS_ROOT}/Manifest.lock\" > /dev/null\nif [ $? != 0 ] ; then\n    # print error to STDERR\n    echo \"error: The sandbox is not in sync with the Podfile.lock. Run 'pod install' or update your CocoaPods installation.\" >&2\n    exit 1\nfi\n# This output is used by Xcode 'outputs' to avoid re-running this script phase.\necho \"SUCCESS\" > \"${SCRIPT_OUTPUT_FILE_0}\"\n";
			showEnvVarsInLog = 0;
		};
		45AF31DA80B67AD023CADDEE /* [CP] Copy Pods Resources */ = {
			isa = PBXShellScriptBuildPhase;
			buildActionMask = 2147483647;
			files = (
			);
			inputFileListPaths = (
				"${PODS_ROOT}/Target Support Files/Pods-MZMusicPlayer/Pods-MZMusicPlayer-resources-${CONFIGURATION}-input-files.xcfilelist",
			);
			name = "[CP] Copy Pods Resources";
			outputFileListPaths = (
				"${PODS_ROOT}/Target Support Files/Pods-MZMusicPlayer/Pods-MZMusicPlayer-resources-${CONFIGURATION}-output-files.xcfilelist",
			);
			runOnlyForDeploymentPostprocessing = 0;
			shellPath = /bin/sh;
			shellScript = "\"${PODS_ROOT}/Target Support Files/Pods-MZMusicPlayer/Pods-MZMusicPlayer-resources.sh\"\n";
			showEnvVarsInLog = 0;
		};
/* End PBXShellScriptBuildPhase section */

/* Begin PBXSourcesBuildPhase section */
		87F4311A24D699BA00A81025 /* Sources */ = {
			isa = PBXSourcesBuildPhase;
			buildActionMask = 2147483647;
			files = (
				874F483824DF95A800261172 /* DestinationModel.m in Sources */,
				87F4312924D699BA00A81025 /* ViewController.m in Sources */,
				874F483524DF959400261172 /* SpecialModel.m in Sources */,
				874F482C24DF948000261172 /* ContentsModel.m in Sources */,
				87F4312324D699BA00A81025 /* AppDelegate.m in Sources */,
				87F4322D24D6CB9F00A81025 /* MZNetManager.m in Sources */,
				87F4313424D699BD00A81025 /* main.m in Sources */,
				874F482624DF919900261172 /* MZBaseViewModel.m in Sources */,
				87F4312624D699BA00A81025 /* SceneDelegate.m in Sources */,
				874F482F24DF94C100261172 /* MZBaseModel.m in Sources */,
				87F4322A24D6C95C00A81025 /* MZMineViewController.swift in Sources */,
				874F482924DF934100261172 /* MZHomeModel.m in Sources */,
				87F4322624D6C50500A81025 /* MZHomeViewController.m in Sources */,
				874F483B24DF95B300261172 /* EditorModel.m in Sources */,
				874F484224DFA5EF00261172 /* MZHomeMoreCell.m in Sources */,
				874F483224DF957C00261172 /* ContentCategoryModel.m in Sources */,
				87F4322224D6C4B600A81025 /* MZTabBarController.m in Sources */,
				87F4323024D6CF4E00A81025 /* MZHomeNetManager.m in Sources */,
				874F483F24DF9E4300261172 /* MZHomeTableViewCell.m in Sources */,
			);
			runOnlyForDeploymentPostprocessing = 0;
		};
		87F4313524D699BD00A81025 /* Sources */ = {
			isa = PBXSourcesBuildPhase;
			buildActionMask = 2147483647;
			files = (
				87F4313E24D699BD00A81025 /* MZMusicPlayerTests.m in Sources */,
			);
			runOnlyForDeploymentPostprocessing = 0;
		};
		87F4314024D699BD00A81025 /* Sources */ = {
			isa = PBXSourcesBuildPhase;
			buildActionMask = 2147483647;
			files = (
				87F4314924D699BD00A81025 /* MZMusicPlayerUITests.m in Sources */,
			);
			runOnlyForDeploymentPostprocessing = 0;
		};
/* End PBXSourcesBuildPhase section */

/* Begin PBXTargetDependency section */
		87F4313B24D699BD00A81025 /* PBXTargetDependency */ = {
			isa = PBXTargetDependency;
			target = 87F4311D24D699BA00A81025 /* MZMusicPlayer */;
			targetProxy = 87F4313A24D699BD00A81025 /* PBXContainerItemProxy */;
		};
		87F4314624D699BD00A81025 /* PBXTargetDependency */ = {
			isa = PBXTargetDependency;
			target = 87F4311D24D699BA00A81025 /* MZMusicPlayer */;
			targetProxy = 87F4314524D699BD00A81025 /* PBXContainerItemProxy */;
		};
/* End PBXTargetDependency section */

/* Begin PBXVariantGroup section */
		87F4312A24D699BA00A81025 /* Main.storyboard */ = {
			isa = PBXVariantGroup;
			children = (
				87F4312B24D699BA00A81025 /* Base */,
			);
			name = Main.storyboard;
			sourceTree = "<group>";
		};
		87F4312F24D699BD00A81025 /* LaunchScreen.storyboard */ = {
			isa = PBXVariantGroup;
			children = (
				87F4313024D699BD00A81025 /* Base */,
			);
			name = LaunchScreen.storyboard;
			sourceTree = "<group>";
		};
/* End PBXVariantGroup section */

/* Begin XCBuildConfiguration section */
		87F4314B24D699BD00A81025 /* Debug */ = {
			isa = XCBuildConfiguration;
			buildSettings = {
				ALWAYS_SEARCH_USER_PATHS = NO;
				CLANG_ANALYZER_NONNULL = YES;
				CLANG_ANALYZER_NUMBER_OBJECT_CONVERSION = YES_AGGRESSIVE;
				CLANG_CXX_LANGUAGE_STANDARD = "gnu++14";
				CLANG_CXX_LIBRARY = "libc++";
				CLANG_ENABLE_MODULES = YES;
				CLANG_ENABLE_OBJC_ARC = YES;
				CLANG_ENABLE_OBJC_WEAK = YES;
				CLANG_WARN_BLOCK_CAPTURE_AUTORELEASING = YES;
				CLANG_WARN_BOOL_CONVERSION = YES;
				CLANG_WARN_COMMA = YES;
				CLANG_WARN_CONSTANT_CONVERSION = YES;
				CLANG_WARN_DEPRECATED_OBJC_IMPLEMENTATIONS = YES;
				CLANG_WARN_DIRECT_OBJC_ISA_USAGE = YES_ERROR;
				CLANG_WARN_DOCUMENTATION_COMMENTS = YES;
				CLANG_WARN_EMPTY_BODY = YES;
				CLANG_WARN_ENUM_CONVERSION = YES;
				CLANG_WARN_INFINITE_RECURSION = YES;
				CLANG_WARN_INT_CONVERSION = YES;
				CLANG_WARN_NON_LITERAL_NULL_CONVERSION = YES;
				CLANG_WARN_OBJC_IMPLICIT_RETAIN_SELF = YES;
				CLANG_WARN_OBJC_LITERAL_CONVERSION = YES;
				CLANG_WARN_OBJC_ROOT_CLASS = YES_ERROR;
				CLANG_WARN_RANGE_LOOP_ANALYSIS = YES;
				CLANG_WARN_STRICT_PROTOTYPES = YES;
				CLANG_WARN_SUSPICIOUS_MOVE = YES;
				CLANG_WARN_UNGUARDED_AVAILABILITY = YES_AGGRESSIVE;
				CLANG_WARN_UNREACHABLE_CODE = YES;
				CLANG_WARN__DUPLICATE_METHOD_MATCH = YES;
				COPY_PHASE_STRIP = NO;
				DEBUG_INFORMATION_FORMAT = dwarf;
				ENABLE_STRICT_OBJC_MSGSEND = YES;
				ENABLE_TESTABILITY = YES;
				GCC_C_LANGUAGE_STANDARD = gnu11;
				GCC_DYNAMIC_NO_PIC = NO;
				GCC_NO_COMMON_BLOCKS = YES;
				GCC_OPTIMIZATION_LEVEL = 0;
				GCC_PREPROCESSOR_DEFINITIONS = (
					"DEBUG=1",
					"$(inherited)",
				);
				GCC_WARN_64_TO_32_BIT_CONVERSION = YES;
				GCC_WARN_ABOUT_RETURN_TYPE = YES_ERROR;
				GCC_WARN_UNDECLARED_SELECTOR = YES;
				GCC_WARN_UNINITIALIZED_AUTOS = YES_AGGRESSIVE;
				GCC_WARN_UNUSED_FUNCTION = YES;
				GCC_WARN_UNUSED_VARIABLE = YES;
				IPHONEOS_DEPLOYMENT_TARGET = 9.0;
				MTL_ENABLE_DEBUG_INFO = INCLUDE_SOURCE;
				MTL_FAST_MATH = YES;
				ONLY_ACTIVE_ARCH = YES;
				SDKROOT = iphoneos;
			};
			name = Debug;
		};
		87F4314C24D699BD00A81025 /* Release */ = {
			isa = XCBuildConfiguration;
			buildSettings = {
				ALWAYS_SEARCH_USER_PATHS = NO;
				CLANG_ANALYZER_NONNULL = YES;
				CLANG_ANALYZER_NUMBER_OBJECT_CONVERSION = YES_AGGRESSIVE;
				CLANG_CXX_LANGUAGE_STANDARD = "gnu++14";
				CLANG_CXX_LIBRARY = "libc++";
				CLANG_ENABLE_MODULES = YES;
				CLANG_ENABLE_OBJC_ARC = YES;
				CLANG_ENABLE_OBJC_WEAK = YES;
				CLANG_WARN_BLOCK_CAPTURE_AUTORELEASING = YES;
				CLANG_WARN_BOOL_CONVERSION = YES;
				CLANG_WARN_COMMA = YES;
				CLANG_WARN_CONSTANT_CONVERSION = YES;
				CLANG_WARN_DEPRECATED_OBJC_IMPLEMENTATIONS = YES;
				CLANG_WARN_DIRECT_OBJC_ISA_USAGE = YES_ERROR;
				CLANG_WARN_DOCUMENTATION_COMMENTS = YES;
				CLANG_WARN_EMPTY_BODY = YES;
				CLANG_WARN_ENUM_CONVERSION = YES;
				CLANG_WARN_INFINITE_RECURSION = YES;
				CLANG_WARN_INT_CONVERSION = YES;
				CLANG_WARN_NON_LITERAL_NULL_CONVERSION = YES;
				CLANG_WARN_OBJC_IMPLICIT_RETAIN_SELF = YES;
				CLANG_WARN_OBJC_LITERAL_CONVERSION = YES;
				CLANG_WARN_OBJC_ROOT_CLASS = YES_ERROR;
				CLANG_WARN_RANGE_LOOP_ANALYSIS = YES;
				CLANG_WARN_STRICT_PROTOTYPES = YES;
				CLANG_WARN_SUSPICIOUS_MOVE = YES;
				CLANG_WARN_UNGUARDED_AVAILABILITY = YES_AGGRESSIVE;
				CLANG_WARN_UNREACHABLE_CODE = YES;
				CLANG_WARN__DUPLICATE_METHOD_MATCH = YES;
				COPY_PHASE_STRIP = NO;
				DEBUG_INFORMATION_FORMAT = "dwarf-with-dsym";
				ENABLE_NS_ASSERTIONS = NO;
				ENABLE_STRICT_OBJC_MSGSEND = YES;
				GCC_C_LANGUAGE_STANDARD = gnu11;
				GCC_NO_COMMON_BLOCKS = YES;
				GCC_WARN_64_TO_32_BIT_CONVERSION = YES;
				GCC_WARN_ABOUT_RETURN_TYPE = YES_ERROR;
				GCC_WARN_UNDECLARED_SELECTOR = YES;
				GCC_WARN_UNINITIALIZED_AUTOS = YES_AGGRESSIVE;
				GCC_WARN_UNUSED_FUNCTION = YES;
				GCC_WARN_UNUSED_VARIABLE = YES;
				IPHONEOS_DEPLOYMENT_TARGET = 9.0;
				MTL_ENABLE_DEBUG_INFO = NO;
				MTL_FAST_MATH = YES;
				SDKROOT = iphoneos;
				VALIDATE_PRODUCT = YES;
			};
			name = Release;
		};
		87F4314E24D699BD00A81025 /* Debug */ = {
			isa = XCBuildConfiguration;
			baseConfigurationReference = 076EA012EC86B12DBB1D46D3 /* Pods-MZMusicPlayer.debug.xcconfig */;
			buildSettings = {
				ASSETCATALOG_COMPILER_APPICON_NAME = AppIcon;
				CLANG_ENABLE_MODULES = YES;
				CODE_SIGN_STYLE = Automatic;
				INFOPLIST_FILE = MZMusicPlayer/Info.plist;
				IPHONEOS_DEPLOYMENT_TARGET = 9.0;
				LD_RUNPATH_SEARCH_PATHS = (
					"$(inherited)",
					"@executable_path/Frameworks",
				);
				PRODUCT_BUNDLE_IDENTIFIER = menglzong.MZMusicPlayer;
				PRODUCT_NAME = "$(TARGET_NAME)";
				SWIFT_OBJC_BRIDGING_HEADER = "MZMusicPlayer/MZMusicPlayer-Bridging-Header.h";
				SWIFT_OPTIMIZATION_LEVEL = "-Onone";
				SWIFT_VERSION = 5.0;
				TARGETED_DEVICE_FAMILY = "1,2";
			};
			name = Debug;
		};
		87F4314F24D699BD00A81025 /* Release */ = {
			isa = XCBuildConfiguration;
			baseConfigurationReference = EF240C599AEC237F4A0A2E3D /* Pods-MZMusicPlayer.release.xcconfig */;
			buildSettings = {
				ASSETCATALOG_COMPILER_APPICON_NAME = AppIcon;
				CLANG_ENABLE_MODULES = YES;
				CODE_SIGN_STYLE = Automatic;
				INFOPLIST_FILE = MZMusicPlayer/Info.plist;
				IPHONEOS_DEPLOYMENT_TARGET = 9.0;
				LD_RUNPATH_SEARCH_PATHS = (
					"$(inherited)",
					"@executable_path/Frameworks",
				);
				PRODUCT_BUNDLE_IDENTIFIER = menglzong.MZMusicPlayer;
				PRODUCT_NAME = "$(TARGET_NAME)";
				SWIFT_OBJC_BRIDGING_HEADER = "MZMusicPlayer/MZMusicPlayer-Bridging-Header.h";
				SWIFT_VERSION = 5.0;
				TARGETED_DEVICE_FAMILY = "1,2";
			};
			name = Release;
		};
		87F4315124D699BD00A81025 /* Debug */ = {
			isa = XCBuildConfiguration;
			buildSettings = {
				ALWAYS_EMBED_SWIFT_STANDARD_LIBRARIES = YES;
				BUNDLE_LOADER = "$(TEST_HOST)";
				CODE_SIGN_STYLE = Automatic;
				INFOPLIST_FILE = MZMusicPlayerTests/Info.plist;
				IPHONEOS_DEPLOYMENT_TARGET = 13.2;
				LD_RUNPATH_SEARCH_PATHS = (
					"$(inherited)",
					"@executable_path/Frameworks",
					"@loader_path/Frameworks",
				);
				PRODUCT_BUNDLE_IDENTIFIER = menglzong.MZMusicPlayerTests;
				PRODUCT_NAME = "$(TARGET_NAME)";
				TARGETED_DEVICE_FAMILY = "1,2";
				TEST_HOST = "$(BUILT_PRODUCTS_DIR)/MZMusicPlayer.app/MZMusicPlayer";
			};
			name = Debug;
		};
		87F4315224D699BD00A81025 /* Release */ = {
			isa = XCBuildConfiguration;
			buildSettings = {
				ALWAYS_EMBED_SWIFT_STANDARD_LIBRARIES = YES;
				BUNDLE_LOADER = "$(TEST_HOST)";
				CODE_SIGN_STYLE = Automatic;
				INFOPLIST_FILE = MZMusicPlayerTests/Info.plist;
				IPHONEOS_DEPLOYMENT_TARGET = 13.2;
				LD_RUNPATH_SEARCH_PATHS = (
					"$(inherited)",
					"@executable_path/Frameworks",
					"@loader_path/Frameworks",
				);
				PRODUCT_BUNDLE_IDENTIFIER = menglzong.MZMusicPlayerTests;
				PRODUCT_NAME = "$(TARGET_NAME)";
				TARGETED_DEVICE_FAMILY = "1,2";
				TEST_HOST = "$(BUILT_PRODUCTS_DIR)/MZMusicPlayer.app/MZMusicPlayer";
			};
			name = Release;
		};
		87F4315424D699BD00A81025 /* Debug */ = {
			isa = XCBuildConfiguration;
			buildSettings = {
				ALWAYS_EMBED_SWIFT_STANDARD_LIBRARIES = YES;
				CODE_SIGN_STYLE = Automatic;
				INFOPLIST_FILE = MZMusicPlayerUITests/Info.plist;
				LD_RUNPATH_SEARCH_PATHS = (
					"$(inherited)",
					"@executable_path/Frameworks",
					"@loader_path/Frameworks",
				);
				PRODUCT_BUNDLE_IDENTIFIER = menglzong.MZMusicPlayerUITests;
				PRODUCT_NAME = "$(TARGET_NAME)";
				TARGETED_DEVICE_FAMILY = "1,2";
				TEST_TARGET_NAME = MZMusicPlayer;
			};
			name = Debug;
		};
		87F4315524D699BD00A81025 /* Release */ = {
			isa = XCBuildConfiguration;
			buildSettings = {
				ALWAYS_EMBED_SWIFT_STANDARD_LIBRARIES = YES;
				CODE_SIGN_STYLE = Automatic;
				INFOPLIST_FILE = MZMusicPlayerUITests/Info.plist;
				LD_RUNPATH_SEARCH_PATHS = (
					"$(inherited)",
					"@executable_path/Frameworks",
					"@loader_path/Frameworks",
				);
				PRODUCT_BUNDLE_IDENTIFIER = menglzong.MZMusicPlayerUITests;
				PRODUCT_NAME = "$(TARGET_NAME)";
				TARGETED_DEVICE_FAMILY = "1,2";
				TEST_TARGET_NAME = MZMusicPlayer;
			};
			name = Release;
		};
/* End XCBuildConfiguration section */

/* Begin XCConfigurationList section */
		87F4311924D699BA00A81025 /* Build configuration list for PBXProject "MZMusicPlayer" */ = {
			isa = XCConfigurationList;
			buildConfigurations = (
				87F4314B24D699BD00A81025 /* Debug */,
				87F4314C24D699BD00A81025 /* Release */,
			);
			defaultConfigurationIsVisible = 0;
			defaultConfigurationName = Release;
		};
		87F4314D24D699BD00A81025 /* Build configuration list for PBXNativeTarget "MZMusicPlayer" */ = {
			isa = XCConfigurationList;
			buildConfigurations = (
				87F4314E24D699BD00A81025 /* Debug */,
				87F4314F24D699BD00A81025 /* Release */,
			);
			defaultConfigurationIsVisible = 0;
			defaultConfigurationName = Release;
		};
		87F4315024D699BD00A81025 /* Build configuration list for PBXNativeTarget "MZMusicPlayerTests" */ = {
			isa = XCConfigurationList;
			buildConfigurations = (
				87F4315124D699BD00A81025 /* Debug */,
				87F4315224D699BD00A81025 /* Release */,
			);
			defaultConfigurationIsVisible = 0;
			defaultConfigurationName = Release;
		};
		87F4315324D699BD00A81025 /* Build configuration list for PBXNativeTarget "MZMusicPlayerUITests" */ = {
			isa = XCConfigurationList;
			buildConfigurations = (
				87F4315424D699BD00A81025 /* Debug */,
				87F4315524D699BD00A81025 /* Release */,
			);
			defaultConfigurationIsVisible = 0;
			defaultConfigurationName = Release;
		};
/* End XCConfigurationList section */
	};
	rootObject = 87F4311624D699BA00A81025 /* Project object */;
}
